
Microsoft Visual Studio Solution File, Format Version 12.00
# Visual Studio 2012
Project("{8BC9CEB8-8B4A-11D0-8D11-00A0C91BC942}") = "Isaac", "Isaac.vcxproj", "{2D797E1E-E69B-4D8D-9C12-D4277ABE14E2}"
EndProject
Global
	GlobalSection(SolutionConfigurationPlatforms) = preSolution
		Debug|Win32 = Debug|Win32
		Debug|x64 = Debug|x64
		Release|Win32 = Release|Win32
		Release|x64 = Release|x64
	EndGlobalSection
	GlobalSection(ProjectConfigurationPlatforms) = postSolution
		{2D797E1E-E69B-4D8D-9C12-D4277ABE14E2}.Debug|Win32.ActiveCfg = Debug|Win32
		{2D797E1E-E69B-4D8D-9C12-D4277ABE14E2}.Debug|Win32.Build.0 = Debug|Win32
		{2D797E1E-E69B-4D8D-9C12-D4277ABE14E2}.Debug|x64.ActiveCfg = Debug|Win32
		{2D797E1E-E69B-4D8D-9C12-D4277ABE14E2}.Debug|x64.Build.0 = Debug|Win32
		{2D797E1E-E69B-4D8D-9C12-D4277ABE14E2}.Release|Win32.ActiveCfg = Release|Win32
		{2D797E1E-E69B-4D8D-9C12-D4277ABE14E2}.Release|Win32.Build.0 = Release|Win32
		{2D797E1E-E69B-4D8D-9C12-D4277ABE14E2}.Release|x64.ActiveCfg = Release|x64
		{2D797E1E-E69B-4D8D-9C12-D4277ABE14E2}.Release|x64.Build.0 = Release|x64
	EndGlobalSection
	GlobalSection(SolutionProperties) = preSolution
		HideSolutionNode = FALSE
	EndGlobalSection
	GlobalSection(Performance) = preSolution
		HasPerformanceSessions = true
	EndGlobalSection
EndGlobal
