<?xml version="1.0" encoding="utf-8"?>
<Project ToolsVersion="4.0" xmlns="http://schemas.microsoft.com/developer/msbuild/2003">
  <ItemGroup>
    <Filter Include="Source Files">
      <UniqueIdentifier>{4FC737F1-C7A5-4376-A066-2A32D752A2FF}</UniqueIdentifier>
      <Extensions>cpp;c;cc;cxx;def;odl;idl;hpj;bat;asm;asmx</Extensions>
    </Filter>
    <Filter Include="Header Files">
      <UniqueIdentifier>{93995380-89BD-4b04-88EB-625FBE52EBFB}</UniqueIdentifier>
      <Extensions>h;hpp;hxx;hm;inl;inc;xsd</Extensions>
    </Filter>
    <Filter Include="Resource Files">
      <UniqueIdentifier>{67DA6AB6-F800-4c08-8B7A-83BB121AAD01}</UniqueIdentifier>
      <Extensions>rc;ico;cur;bmp;dlg;rc2;rct;bin;rgs;gif;jpg;jpeg;jpe;resx;tiff;tif;png;wav</Extensions>
    </Filter>
  </ItemGroup>
  <ItemGroup>
    <ClCompile Include="main\main.cpp">
      <Filter>Source Files</Filter>
    </ClCompile>
    <ClCompile Include="src\buggy\MemoryManager.cpp">
      <Filter>Source Files</Filter>
    </ClCompile>
    <ClCompile Include="src\debug\Exception.cpp">
      <Filter>Source Files</Filter>
    </ClCompile>
    <ClCompile Include="src\debug\ILogger.cpp">
      <Filter>Source Files</Filter>
    </ClCompile>
    <ClCompile Include="src\manager\EntityManager.cpp">
      <Filter>Source Files</Filter>
    </ClCompile>
    <ClCompile Include="src\manager\Resource.cpp">
      <Filter>Source Files</Filter>
    </ClCompile>
    <ClCompile Include="src\manager\SystemManager.cpp">
      <Filter>Source Files</Filter>
    </ClCompile>
    <ClCompile Include="vendors\tiny_obj_loader.cpp">
      <Filter>Source Files</Filter>
    </ClCompile>
    <ClCompile Include="src\component\ColorEasing.cpp">
      <Filter>Source Files</Filter>
    </ClCompile>
  </ItemGroup>
  <ItemGroup>
    <ClInclude Include="src\Camera.hpp">
      <Filter>Header Files</Filter>
    </ClInclude>
    <ClInclude Include="src\EntityData.hpp">
      <Filter>Header Files</Filter>
    </ClInclude>
    <ClInclude Include="src\buggy\Memory.hpp">
      <Filter>Header Files</Filter>
    </ClInclude>
    <ClInclude Include="src\component\BoundingBox.hpp">
      <Filter>Header Files</Filter>
    </ClInclude>
    <ClInclude Include="src\component\CollidablePosition.hpp">
      <Filter>Header Files</Filter>
    </ClInclude>
    <ClInclude Include="src\component\Collision.hpp">
      <Filter>Header Files</Filter>
    </ClInclude>
    <ClInclude Include="src\component\Color.hpp">
      <Filter>Header Files</Filter>
    </ClInclude>
    <ClInclude Include="src\component\ColorEasing.hpp">
      <Filter>Header Files</Filter>
    </ClInclude>
    <ClInclude Include="src\component\Component.hpp">
      <Filter>Header Files</Filter>
    </ClInclude>
    <ClInclude Include="src\component\Components.hpp">
      <Filter>Header Files</Filter>
    </ClInclude>
    <ClInclude Include="src\component\Death.hpp">
      <Filter>Header Files</Filter>
    </ClInclude>
    <ClInclude Include="src\component\Img.hpp">
      <Filter>Header Files</Filter>
    </ClInclude>
    <ClInclude Include="src\component\InputMovement.hpp">
      <Filter>Header Files</Filter>
    </ClInclude>
    <ClInclude Include="src\component\Lifetime.hpp">
      <Filter>Header Files</Filter>
    </ClInclude>
    <ClInclude Include="src\component\Model.hpp">
      <Filter>Header Files</Filter>
    </ClInclude>
    <ClInclude Include="src\component\NullCpt.hpp">
      <Filter>Header Files</Filter>
    </ClInclude>
    <ClInclude Include="src\component\Physic.hpp">
      <Filter>Header Files</Filter>
    </ClInclude>
    <ClInclude Include="src\component\Pistol.hpp">
      <Filter>Header Files</Filter>
    </ClInclude>
    <ClInclude Include="src\component\Position.hpp">
      <Filter>Header Files</Filter>
    </ClInclude>
    <ClInclude Include="src\component\Rotation.hpp">
      <Filter>Header Files</Filter>
    </ClInclude>
    <ClInclude Include="src\component\RotationForce.hpp">
      <Filter>Header Files</Filter>
    </ClInclude>
    <ClInclude Include="src\component\Scale.hpp">
      <Filter>Header Files</Filter>
    </ClInclude>
    <ClInclude Include="src\component\Shader.hpp">
      <Filter>Header Files</Filter>
    </ClInclude>
    <ClInclude Include="src\component\SmellPosition.hpp">
      <Filter>Header Files</Filter>
    </ClInclude>
    <ClInclude Include="src\component\Sprite.hpp">
      <Filter>Header Files</Filter>
    </ClInclude>
    <ClInclude Include="src\component\Velocity.hpp">
      <Filter>Header Files</Filter>
    </ClInclude>
    <ClInclude Include="src\component\VelocityFriction.hpp">
      <Filter>Header Files</Filter>
    </ClInclude>
    <ClInclude Include="src\debug\Logger.hpp">
      <Filter>Header Files</Filter>
    </ClInclude>
    <ClInclude Include="src\generator\BulletGenerator.hpp">
      <Filter>Header Files</Filter>
    </ClInclude>
    <ClInclude Include="src\generator\MapGenerator.hpp">
      <Filter>Header Files</Filter>
    </ClInclude>
    <ClInclude Include="src\loader\AnimationLoader.hpp">
      <Filter>Header Files</Filter>
    </ClInclude>
    <ClInclude Include="src\loader\ImageLoader.hpp">
      <Filter>Header Files</Filter>
    </ClInclude>
    <ClInclude Include="src\loader\ObjLoader.hpp">
      <Filter>Header Files</Filter>
    </ClInclude>
    <ClInclude Include="src\loader\ShaderLoader.hpp">
      <Filter>Header Files</Filter>
    </ClInclude>
    <ClInclude Include="src\loader\ShaderProgramLoader.hpp">
      <Filter>Header Files</Filter>
    </ClInclude>
    <ClInclude Include="src\loader\SkyboxLoader.hpp">
      <Filter>Header Files</Filter>
    </ClInclude>
    <ClInclude Include="src\loader\TextureLoader.hpp">
      <Filter>Header Files</Filter>
    </ClInclude>
    <ClInclude Include="src\manager\ComponentManager.hpp">
      <Filter>Header Files</Filter>
    </ClInclude>
    <ClInclude Include="src\manager\ComponentTypeManager.hpp">
      <Filter>Header Files</Filter>
    </ClInclude>
    <ClInclude Include="src\manager\EntityManager.hpp">
      <Filter>Header Files</Filter>
    </ClInclude>
    <ClInclude Include="src\manager\EventManager.hpp">
      <Filter>Header Files</Filter>
    </ClInclude>
    <ClInclude Include="src\manager\Loader.hpp">
      <Filter>Header Files</Filter>
    </ClInclude>
    <ClInclude Include="src\manager\MainManager.hpp">
      <Filter>Header Files</Filter>
    </ClInclude>
    <ClInclude Include="src\manager\MediaManager.hpp">
      <Filter>Header Files</Filter>
    </ClInclude>
    <ClInclude Include="src\manager\Option.hpp">
      <Filter>Header Files</Filter>
    </ClInclude>
    <ClInclude Include="src\manager\OptionManager.hpp">
      <Filter>Header Files</Filter>
    </ClInclude>
    <ClInclude Include="src\manager\OptionValue.hpp">
      <Filter>Header Files</Filter>
    </ClInclude>
    <ClInclude Include="src\manager\ResourceManager.hpp">
      <Filter>Header Files</Filter>
    </ClInclude>
    <ClInclude Include="src\manager\SystemManager.hpp">
      <Filter>Header Files</Filter>
    </ClInclude>
    <ClInclude Include="src\manager\TagIdManager.hpp">
      <Filter>Header Files</Filter>
    </ClInclude>
    <ClInclude Include="src\manager\VisualManager.hpp">
      <Filter>Header Files</Filter>
    </ClInclude>
    <ClInclude Include="src\media\AnimationMedia.hpp">
      <Filter>Header Files</Filter>
    </ClInclude>
    <ClInclude Include="src\media\ImageMedia.hpp">
      <Filter>Header Files</Filter>
    </ClInclude>
    <ClInclude Include="src\media\ObjModelMedia.hpp">
      <Filter>Header Files</Filter>
    </ClInclude>
    <ClInclude Include="src\media\ShaderMedia.hpp">
      <Filter>Header Files</Filter>
    </ClInclude>
    <ClInclude Include="src\media\ShaderProgramMedia.hpp">
      <Filter>Header Files</Filter>
    </ClInclude>
    <ClInclude Include="src\media\SkyboxMedia.hpp">
      <Filter>Header Files</Filter>
    </ClInclude>
    <ClInclude Include="src\media\TextureMedia.hpp">
      <Filter>Header Files</Filter>
    </ClInclude>
    <ClInclude Include="src\system\BoundingBoxSystem.hpp">
      <Filter>Header Files</Filter>
    </ClInclude>
    <ClInclude Include="src\system\BulletSystem.hpp">
      <Filter>Header Files</Filter>
    </ClInclude>
    <ClInclude Include="src\system\ColorEasingSystem.hpp">
      <Filter>Header Files</Filter>
    </ClInclude>
    <ClInclude Include="src\system\ImageSystem.hpp">
      <Filter>Header Files</Filter>
    </ClInclude>
    <ClInclude Include="src\system\InputMovementSystem.hpp">
      <Filter>Header Files</Filter>
    </ClInclude>
    <ClInclude Include="src\system\InputSystem.hpp">
      <Filter>Header Files</Filter>
    </ClInclude>
    <ClInclude Include="src\system\LifetimeSystem.hpp">
      <Filter>Header Files</Filter>
    </ClInclude>
    <ClInclude Include="src\system\ObjModelSystem.hpp">
      <Filter>Header Files</Filter>
    </ClInclude>
    <ClInclude Include="src\system\PhysicSystem.hpp">
      <Filter>Header Files</Filter>
    </ClInclude>
    <ClInclude Include="src\system\PistolSystem.hpp">
      <Filter>Header Files</Filter>
    </ClInclude>
    <ClInclude Include="src\system\PositionRegister.hpp">
      <Filter>Header Files</Filter>
    </ClInclude>
    <ClInclude Include="src\system\RotationForceSystem.hpp">
      <Filter>Header Files</Filter>
    </ClInclude>
    <ClInclude Include="src\system\SpriteSystem.hpp">
      <Filter>Header Files</Filter>
    </ClInclude>
    <ClInclude Include="src\system\System.hpp">
      <Filter>Header Files</Filter>
    </ClInclude>
    <ClInclude Include="src\system\Systems.hpp">
      <Filter>Header Files</Filter>
    </ClInclude>
    <ClInclude Include="src\system\VelocityFrictionSystem.hpp">
      <Filter>Header Files</Filter>
    </ClInclude>
    <ClInclude Include="src\system\VelocitySystem.hpp">
      <Filter>Header Files</Filter>
    </ClInclude>
    <ClInclude Include="src\utilities\File.hpp">
      <Filter>Header Files</Filter>
    </ClInclude>
    <ClInclude Include="src\utilities\GenHierarchies.hpp">
      <Filter>Header Files</Filter>
    </ClInclude>
    <ClInclude Include="src\utilities\lerp.hpp">
      <Filter>Header Files</Filter>
    </ClInclude>
    <ClInclude Include="src\utilities\Singleton.hpp">
      <Filter>Header Files</Filter>
    </ClInclude>
    <ClInclude Include="src\utilities\SmartPointer.hpp">
      <Filter>Header Files</Filter>
    </ClInclude>
    <ClInclude Include="src\utilities\SmartPointerPolicies.hpp">
      <Filter>Header Files</Filter>
    </ClInclude>
    <ClInclude Include="src\utilities\strUtil.hpp">
      <Filter>Header Files</Filter>
    </ClInclude>
    <ClInclude Include="src\utilities\Typelist.hpp">
      <Filter>Header Files</Filter>
    </ClInclude>
    <ClInclude Include="vendors\tiny_obj_loader.h">
      <Filter>Header Files</Filter>
    </ClInclude>
  </ItemGroup>
</Project>